
Microsoft Visual Studio Solution File, Format Version 12.00
# Visual Studio Version 17
VisualStudioVersion = 17.14.36518.9 d17.14
MinimumVisualStudioVersion = 10.0.40219.1
Project("{FAE04EC0-301F-11D3-BF4B-00C04F79EFBC}") = "DOMASka", "DOMASka\DOMASka.csproj", "{7FD2E056-2070-4450-B0BE-22DE30D8DCC1}"
EndProject
Global
	GlobalSection(SolutionConfigurationPlatforms) = preSolution
		Debug|Any CPU = Debug|Any CPU
		Release|Any CPU = Release|Any CPU
	EndGlobalSection
	GlobalSection(ProjectConfigurationPlatforms) = postSolution
		{7FD2E056-2070-4450-B0BE-22DE30D8DCC1}.Debug|Any CPU.ActiveCfg = Debug|Any CPU
		{7FD2E056-2070-4450-B0BE-22DE30D8DCC1}.Debug|Any CPU.Build.0 = Debug|Any CPU
		{7FD2E056-2070-4450-B0BE-22DE30D8DCC1}.Release|Any CPU.ActiveCfg = Release|Any CPU
		{7FD2E056-2070-4450-B0BE-22DE30D8DCC1}.Release|Any CPU.Build.0 = Release|Any CPU
	EndGlobalSection
	GlobalSection(SolutionProperties) = preSolution
		HideSolutionNode = FALSE
	EndGlobalSection
	GlobalSection(ExtensibilityGlobals) = postSolution
		SolutionGuid = {87D5FD61-851A-4BC2-B90A-AAAF193903A0}
	EndGlobalSection
EndGlobal
